// !$*UTF8*$!
{
	archiveVersion = 1;
	classes = {
	};
	objectVersion = 46;
	objects = {

/* Begin PBXBuildFile section */
		5623951D19AC28B700A8F4BA /* Foundation.framework in Frameworks */ = {isa = PBXBuildFile; fileRef = 5623951C19AC28B700A8F4BA /* Foundation.framework */; };
		5623951F19AC28B700A8F4BA /* CoreGraphics.framework in Frameworks */ = {isa = PBXBuildFile; fileRef = 5623951E19AC28B700A8F4BA /* CoreGraphics.framework */; };
		5623952119AC28B700A8F4BA /* UIKit.framework in Frameworks */ = {isa = PBXBuildFile; fileRef = 5623952019AC28B700A8F4BA /* UIKit.framework */; };
		5623952719AC28B800A8F4BA /* InfoPlist.strings in Resources */ = {isa = PBXBuildFile; fileRef = 5623952519AC28B800A8F4BA /* InfoPlist.strings */; };
		5623952919AC28B800A8F4BA /* main.m in Sources */ = {isa = PBXBuildFile; fileRef = 5623952819AC28B800A8F4BA /* main.m */; };
		5623952D19AC28B800A8F4BA /* RWTAppDelegate.m in Sources */ = {isa = PBXBuildFile; fileRef = 5623952C19AC28B800A8F4BA /* RWTAppDelegate.m */; };
		5623953019AC28B800A8F4BA /* Main.storyboard in Resources */ = {isa = PBXBuildFile; fileRef = 5623952E19AC28B800A8F4BA /* Main.storyboard */; };
		5623953319AC28B800A8F4BA /* RWTMasterViewController.m in Sources */ = {isa = PBXBuildFile; fileRef = 5623953219AC28B800A8F4BA /* RWTMasterViewController.m */; };
		5623953619AC28B800A8F4BA /* RWTDetailViewController.m in Sources */ = {isa = PBXBuildFile; fileRef = 5623953519AC28B800A8F4BA /* RWTDetailViewController.m */; };
		5623953819AC28B800A8F4BA /* Images.xcassets in Resources */ = {isa = PBXBuildFile; fileRef = 5623953719AC28B800A8F4BA /* Images.xcassets */; };
		5623953F19AC28B800A8F4BA /* XCTest.framework in Frameworks */ = {isa = PBXBuildFile; fileRef = 5623953E19AC28B800A8F4BA /* XCTest.framework */; };
		5623954019AC28B800A8F4BA /* Foundation.framework in Frameworks */ = {isa = PBXBuildFile; fileRef = 5623951C19AC28B700A8F4BA /* Foundation.framework */; };
		5623954119AC28B800A8F4BA /* UIKit.framework in Frameworks */ = {isa = PBXBuildFile; fileRef = 5623952019AC28B700A8F4BA /* UIKit.framework */; };
		5623954919AC28B800A8F4BA /* InfoPlist.strings in Resources */ = {isa = PBXBuildFile; fileRef = 5623954719AC28B800A8F4BA /* InfoPlist.strings */; };
		5623954B19AC28B800A8F4BA /* ScaryBugsTests.m in Sources */ = {isa = PBXBuildFile; fileRef = 5623954A19AC28B800A8F4BA /* ScaryBugsTests.m */; };
		5623955819AC2A5700A8F4BA /* RWTScaryBugData.m in Sources */ = {isa = PBXBuildFile; fileRef = 5623955719AC2A5700A8F4BA /* RWTScaryBugData.m */; };
		5623955B19ADC20A00A8F4BA /* RWTScaryBugDoc.m in Sources */ = {isa = PBXBuildFile; fileRef = 5623955A19ADC20A00A8F4BA /* RWTScaryBugDoc.m */; };
		5623956419ADCD1F00A8F4BA /* centipede.jpg in Resources */ = {isa = PBXBuildFile; fileRef = 5623955C19ADCD1F00A8F4BA /* centipede.jpg */; };
		5623956519ADCD1F00A8F4BA /* centipedeThumb.jpg in Resources */ = {isa = PBXBuildFile; fileRef = 5623955D19ADCD1F00A8F4BA /* centipedeThumb.jpg */; };
		5623956619ADCD1F00A8F4BA /* ladybug.jpg in Resources */ = {isa = PBXBuildFile; fileRef = 5623955E19ADCD1F00A8F4BA /* ladybug.jpg */; };
		5623956719ADCD1F00A8F4BA /* ladybugThumb.jpg in Resources */ = {isa = PBXBuildFile; fileRef = 5623955F19ADCD1F00A8F4BA /* ladybugThumb.jpg */; };
		5623956819ADCD1F00A8F4BA /* potatoBug.jpg in Resources */ = {isa = PBXBuildFile; fileRef = 5623956019ADCD1F00A8F4BA /* potatoBug.jpg */; };
		5623956919ADCD1F00A8F4BA /* potatoBugThumb.jpg in Resources */ = {isa = PBXBuildFile; fileRef = 5623956119ADCD1F00A8F4BA /* potatoBugThumb.jpg */; };
		5623956A19ADCD1F00A8F4BA /* wolfSpider.jpg in Resources */ = {isa = PBXBuildFile; fileRef = 5623956219ADCD1F00A8F4BA /* wolfSpider.jpg */; };
		5623956B19ADCD1F00A8F4BA /* wolfSpiderThumb.jpg in Resources */ = {isa = PBXBuildFile; fileRef = 5623956319ADCD1F00A8F4BA /* wolfSpiderThumb.jpg */; };
/* End PBXBuildFile section */

/* Begin PBXContainerItemProxy section */
		5623954219AC28B800A8F4BA /* PBXContainerItemProxy */ = {
			isa = PBXContainerItemProxy;
			containerPortal = 5623951119AC28B700A8F4BA /* Project object */;
			proxyType = 1;
			remoteGlobalIDString = 5623951819AC28B700A8F4BA;
			remoteInfo = ScaryBugs;
		};
/* End PBXContainerItemProxy section */

/* Begin PBXFileReference section */
		5623951919AC28B700A8F4BA /* ScaryBugs.app */ = {isa = PBXFileReference; explicitFileType = wrapper.application; includeInIndex = 0; path = ScaryBugs.app; sourceTree = BUILT_PRODUCTS_DIR; };
		5623951C19AC28B700A8F4BA /* Foundation.framework */ = {isa = PBXFileReference; lastKnownFileType = wrapper.framework; name = Foundation.framework; path = System/Library/Frameworks/Foundation.framework; sourceTree = SDKROOT; };
		5623951E19AC28B700A8F4BA /* CoreGraphics.framework */ = {isa = PBXFileReference; lastKnownFileType = wrapper.framework; name = CoreGraphics.framework; path = System/Library/Frameworks/CoreGraphics.framework; sourceTree = SDKROOT; };
		5623952019AC28B700A8F4BA /* UIKit.framework */ = {isa = PBXFileReference; lastKnownFileType = wrapper.framework; name = UIKit.framework; path = System/Library/Frameworks/UIKit.framework; sourceTree = SDKROOT; };
		5623952419AC28B800A8F4BA /* ScaryBugs-Info.plist */ = {isa = PBXFileReference; lastKnownFileType = text.plist.xml; path = "ScaryBugs-Info.plist"; sourceTree = "<group>"; };
		5623952619AC28B800A8F4BA /* en */ = {isa = PBXFileReference; lastKnownFileType = text.plist.strings; name = en; path = en.lproj/InfoPlist.strings; sourceTree = "<group>"; };
		5623952819AC28B800A8F4BA /* main.m */ = {isa = PBXFileReference; lastKnownFileType = sourcecode.c.objc; path = main.m; sourceTree = "<group>"; };
		5623952A19AC28B800A8F4BA /* ScaryBugs-Prefix.pch */ = {isa = PBXFileReference; lastKnownFileType = sourcecode.c.h; path = "ScaryBugs-Prefix.pch"; sourceTree = "<group>"; };
		5623952B19AC28B800A8F4BA /* RWTAppDelegate.h */ = {isa = PBXFileReference; lastKnownFileType = sourcecode.c.h; path = RWTAppDelegate.h; sourceTree = "<group>"; };
		5623952C19AC28B800A8F4BA /* RWTAppDelegate.m */ = {isa = PBXFileReference; lastKnownFileType = sourcecode.c.objc; path = RWTAppDelegate.m; sourceTree = "<group>"; };
		5623952F19AC28B800A8F4BA /* Base */ = {isa = PBXFileReference; lastKnownFileType = file.storyboard; name = Base; path = Base.lproj/Main.storyboard; sourceTree = "<group>"; };
		5623953119AC28B800A8F4BA /* RWTMasterViewController.h */ = {isa = PBXFileReference; lastKnownFileType = sourcecode.c.h; path = RWTMasterViewController.h; sourceTree = "<group>"; };
		5623953219AC28B800A8F4BA /* RWTMasterViewController.m */ = {isa = PBXFileReference; lastKnownFileType = sourcecode.c.objc; path = RWTMasterViewController.m; sourceTree = "<group>"; };
		5623953419AC28B800A8F4BA /* RWTDetailViewController.h */ = {isa = PBXFileReference; lastKnownFileType = sourcecode.c.h; path = RWTDetailViewController.h; sourceTree = "<group>"; };
		5623953519AC28B800A8F4BA /* RWTDetailViewController.m */ = {isa = PBXFileReference; lastKnownFileType = sourcecode.c.objc; path = RWTDetailViewController.m; sourceTree = "<group>"; };
		5623953719AC28B800A8F4BA /* Images.xcassets */ = {isa = PBXFileReference; lastKnownFileType = folder.assetcatalog; path = Images.xcassets; sourceTree = "<group>"; };
		5623953D19AC28B800A8F4BA /* ScaryBugsTests.xctest */ = {isa = PBXFileReference; explicitFileType = wrapper.cfbundle; includeInIndex = 0; path = ScaryBugsTests.xctest; sourceTree = BUILT_PRODUCTS_DIR; };
		5623953E19AC28B800A8F4BA /* XCTest.framework */ = {isa = PBXFileReference; lastKnownFileType = wrapper.framework; name = XCTest.framework; path = Library/Frameworks/XCTest.framework; sourceTree = DEVELOPER_DIR; };
		5623954619AC28B800A8F4BA /* ScaryBugsTests-Info.plist */ = {isa = PBXFileReference; lastKnownFileType = text.plist.xml; path = "ScaryBugsTests-Info.plist"; sourceTree = "<group>"; };
		5623954819AC28B800A8F4BA /* en */ = {isa = PBXFileReference; lastKnownFileType = text.plist.strings; name = en; path = en.lproj/InfoPlist.strings; sourceTree = "<group>"; };
		5623954A19AC28B800A8F4BA /* ScaryBugsTests.m */ = {isa = PBXFileReference; lastKnownFileType = sourcecode.c.objc; path = ScaryBugsTests.m; sourceTree = "<group>"; };
		5623955619AC2A5700A8F4BA /* RWTScaryBugData.h */ = {isa = PBXFileReference; fileEncoding = 4; lastKnownFileType = sourcecode.c.h; path = RWTScaryBugData.h; sourceTree = "<group>"; };
		5623955719AC2A5700A8F4BA /* RWTScaryBugData.m */ = {isa = PBXFileReference; fileEncoding = 4; lastKnownFileType = sourcecode.c.objc; path = RWTScaryBugData.m; sourceTree = "<group>"; };
		5623955919ADC20A00A8F4BA /* RWTScaryBugDoc.h */ = {isa = PBXFileReference; fileEncoding = 4; lastKnownFileType = sourcecode.c.h; path = RWTScaryBugDoc.h; sourceTree = "<group>"; };
		5623955A19ADC20A00A8F4BA /* RWTScaryBugDoc.m */ = {isa = PBXFileReference; fileEncoding = 4; lastKnownFileType = sourcecode.c.objc; path = RWTScaryBugDoc.m; sourceTree = "<group>"; };
		5623955C19ADCD1F00A8F4BA /* centipede.jpg */ = {isa = PBXFileReference; lastKnownFileType = image.jpeg; path = centipede.jpg; sourceTree = "<group>"; };
		5623955D19ADCD1F00A8F4BA /* centipedeThumb.jpg */ = {isa = PBXFileReference; lastKnownFileType = image.jpeg; path = centipedeThumb.jpg; sourceTree = "<group>"; };
		5623955E19ADCD1F00A8F4BA /* ladybug.jpg */ = {isa = PBXFileReference; lastKnownFileType = image.jpeg; path = ladybug.jpg; sourceTree = "<group>"; };
		5623955F19ADCD1F00A8F4BA /* ladybugThumb.jpg */ = {isa = PBXFileReference; lastKnownFileType = image.jpeg; path = ladybugThumb.jpg; sourceTree = "<group>"; };
		5623956019ADCD1F00A8F4BA /* potatoBug.jpg */ = {isa = PBXFileReference; lastKnownFileType = image.jpeg; path = potatoBug.jpg; sourceTree = "<group>"; };
		5623956119ADCD1F00A8F4BA /* potatoBugThumb.jpg */ = {isa = PBXFileReference; lastKnownFileType = image.jpeg; path = potatoBugThumb.jpg; sourceTree = "<group>"; };
		5623956219ADCD1F00A8F4BA /* wolfSpider.jpg */ = {isa = PBXFileReference; lastKnownFileType = image.jpeg; path = wolfSpider.jpg; sourceTree = "<group>"; };
		5623956319ADCD1F00A8F4BA /* wolfSpiderThumb.jpg */ = {isa = PBXFileReference; lastKnownFileType = image.jpeg; path = wolfSpiderThumb.jpg; sourceTree = "<group>"; };
/* End PBXFileReference section */

/* Begin PBXFrameworksBuildPhase section */
		5623951619AC28B700A8F4BA /* Frameworks */ = {
			isa = PBXFrameworksBuildPhase;
			buildActionMask = 2147483647;
			files = (
				5623951F19AC28B700A8F4BA /* CoreGraphics.framework in Frameworks */,
				5623952119AC28B700A8F4BA /* UIKit.framework in Frameworks */,
				5623951D19AC28B700A8F4BA /* Foundation.framework in Frameworks */,
			);
			runOnlyForDeploymentPostprocessing = 0;
		};
		5623953A19AC28B800A8F4BA /* Frameworks */ = {
			isa = PBXFrameworksBuildPhase;
			buildActionMask = 2147483647;
			files = (
				5623953F19AC28B800A8F4BA /* XCTest.framework in Frameworks */,
				5623954119AC28B800A8F4BA /* UIKit.framework in Frameworks */,
				5623954019AC28B800A8F4BA /* Foundation.framework in Frameworks */,
			);
			runOnlyForDeploymentPostprocessing = 0;
		};
/* End PBXFrameworksBuildPhase section */

/* Begin PBXGroup section */
		5623951019AC28B700A8F4BA = {
			isa = PBXGroup;
			children = (
				5623952219AC28B700A8F4BA /* ScaryBugs */,
				5623954419AC28B800A8F4BA /* ScaryBugsTests */,
				5623951B19AC28B700A8F4BA /* Frameworks */,
				5623951A19AC28B700A8F4BA /* Products */,
			);
			sourceTree = "<group>";
		};
		5623951A19AC28B700A8F4BA /* Products */ = {
			isa = PBXGroup;
			children = (
				5623951919AC28B700A8F4BA /* ScaryBugs.app */,
				5623953D19AC28B800A8F4BA /* ScaryBugsTests.xctest */,
			);
			name = Products;
			sourceTree = "<group>";
		};
		5623951B19AC28B700A8F4BA /* Frameworks */ = {
			isa = PBXGroup;
			children = (
				5623951C19AC28B700A8F4BA /* Foundation.framework */,
				5623951E19AC28B700A8F4BA /* CoreGraphics.framework */,
				5623952019AC28B700A8F4BA /* UIKit.framework */,
				5623953E19AC28B800A8F4BA /* XCTest.framework */,
			);
			name = Frameworks;
			sourceTree = "<group>";
		};
		5623952219AC28B700A8F4BA /* ScaryBugs */ = {
			isa = PBXGroup;
			children = (
				5623955519AC29EE00A8F4BA /* Model */,
				5623955419AC29A200A8F4BA /* GUI */,
				5623953719AC28B800A8F4BA /* Images.xcassets */,
				5623952319AC28B800A8F4BA /* Supporting Files */,
			);
			path = ScaryBugs;
			sourceTree = "<group>";
		};
		5623952319AC28B800A8F4BA /* Supporting Files */ = {
			isa = PBXGroup;
			children = (
				5623952419AC28B800A8F4BA /* ScaryBugs-Info.plist */,
				5623952519AC28B800A8F4BA /* InfoPlist.strings */,
				5623952819AC28B800A8F4BA /* main.m */,
				5623952A19AC28B800A8F4BA /* ScaryBugs-Prefix.pch */,
			);
			name = "Supporting Files";
			sourceTree = "<group>";
		};
		5623954419AC28B800A8F4BA /* ScaryBugsTests */ = {
			isa = PBXGroup;
			children = (
				5623954A19AC28B800A8F4BA /* ScaryBugsTests.m */,
				5623954519AC28B800A8F4BA /* Supporting Files */,
			);
			path = ScaryBugsTests;
			sourceTree = "<group>";
		};
		5623954519AC28B800A8F4BA /* Supporting Files */ = {
			isa = PBXGroup;
			children = (
				5623954619AC28B800A8F4BA /* ScaryBugsTests-Info.plist */,
				5623954719AC28B800A8F4BA /* InfoPlist.strings */,
			);
			name = "Supporting Files";
			sourceTree = "<group>";
		};
		5623955419AC29A200A8F4BA /* GUI */ = {
			isa = PBXGroup;
			children = (
				5623952B19AC28B800A8F4BA /* RWTAppDelegate.h */,
				5623952C19AC28B800A8F4BA /* RWTAppDelegate.m */,
				5623952E19AC28B800A8F4BA /* Main.storyboard */,
				5623953119AC28B800A8F4BA /* RWTMasterViewController.h */,
				5623953219AC28B800A8F4BA /* RWTMasterViewController.m */,
				5623953419AC28B800A8F4BA /* RWTDetailViewController.h */,
				5623953519AC28B800A8F4BA /* RWTDetailViewController.m */,
			);
			name = GUI;
			sourceTree = "<group>";
		};
		5623955519AC29EE00A8F4BA /* Model */ = {
			isa = PBXGroup;
			children = (
				5623955C19ADCD1F00A8F4BA /* centipede.jpg */,
				5623955D19ADCD1F00A8F4BA /* centipedeThumb.jpg */,
				5623955E19ADCD1F00A8F4BA /* ladybug.jpg */,
				5623955F19ADCD1F00A8F4BA /* ladybugThumb.jpg */,
				5623956019ADCD1F00A8F4BA /* potatoBug.jpg */,
				5623956119ADCD1F00A8F4BA /* potatoBugThumb.jpg */,
				5623956219ADCD1F00A8F4BA /* wolfSpider.jpg */,
				5623956319ADCD1F00A8F4BA /* wolfSpiderThumb.jpg */,
				5623955619AC2A5700A8F4BA /* RWTScaryBugData.h */,
				5623955719AC2A5700A8F4BA /* RWTScaryBugData.m */,
				5623955919ADC20A00A8F4BA /* RWTScaryBugDoc.h */,
				5623955A19ADC20A00A8F4BA /* RWTScaryBugDoc.m */,
			);
			name = Model;
			sourceTree = "<group>";
		};
/* End PBXGroup section */

/* Begin PBXNativeTarget section */
		5623951819AC28B700A8F4BA /* ScaryBugs */ = {
			isa = PBXNativeTarget;
			buildConfigurationList = 5623954E19AC28B800A8F4BA /* Build configuration list for PBXNativeTarget "ScaryBugs" */;
			buildPhases = (
				5623951519AC28B700A8F4BA /* Sources */,
				5623951619AC28B700A8F4BA /* Frameworks */,
				5623951719AC28B700A8F4BA /* Resources */,
			);
			buildRules = (
			);
			dependencies = (
			);
			name = ScaryBugs;
			productName = ScaryBugs;
			productReference = 5623951919AC28B700A8F4BA /* ScaryBugs.app */;
			productType = "com.apple.product-type.application";
		};
		5623953C19AC28B800A8F4BA /* ScaryBugsTests */ = {
			isa = PBXNativeTarget;
			buildConfigurationList = 5623955119AC28B800A8F4BA /* Build configuration list for PBXNativeTarget "ScaryBugsTests" */;
			buildPhases = (
				5623953919AC28B800A8F4BA /* Sources */,
				5623953A19AC28B800A8F4BA /* Frameworks */,
				5623953B19AC28B800A8F4BA /* Resources */,
			);
			buildRules = (
			);
			dependencies = (
				5623954319AC28B800A8F4BA /* PBXTargetDependency */,
			);
			name = ScaryBugsTests;
			productName = ScaryBugsTests;
			productReference = 5623953D19AC28B800A8F4BA /* ScaryBugsTests.xctest */;
			productType = "com.apple.product-type.bundle.unit-test";
		};
/* End PBXNativeTarget section */

/* Begin PBXProject section */
		5623951119AC28B700A8F4BA /* Project object */ = {
			isa = PBXProject;
			attributes = {
				CLASSPREFIX = RWT;
				LastUpgradeCheck = 0510;
				ORGANIZATIONNAME = com.vandoona;
				TargetAttributes = {
					5623953C19AC28B800A8F4BA = {
						TestTargetID = 5623951819AC28B700A8F4BA;
					};
				};
			};
			buildConfigurationList = 5623951419AC28B700A8F4BA /* Build configuration list for PBXProject "ScaryBugs" */;
			compatibilityVersion = "Xcode 3.2";
			developmentRegion = English;
			hasScannedForEncodings = 0;
			knownRegions = (
				en,
				Base,
			);
			mainGroup = 5623951019AC28B700A8F4BA;
			productRefGroup = 5623951A19AC28B700A8F4BA /* Products */;
			projectDirPath = "";
			projectRoot = "";
			targets = (
				5623951819AC28B700A8F4BA /* ScaryBugs */,
				5623953C19AC28B800A8F4BA /* ScaryBugsTests */,
			);
		};
/* End PBXProject section */

/* Begin PBXResourcesBuildPhase section */
		5623951719AC28B700A8F4BA /* Resources */ = {
			isa = PBXResourcesBuildPhase;
			buildActionMask = 2147483647;
			files = (
				5623953819AC28B800A8F4BA /* Images.xcassets in Resources */,
				5623956819ADCD1F00A8F4BA /* potatoBug.jpg in Resources */,
				5623956A19ADCD1F00A8F4BA /* wolfSpider.jpg in Resources */,
				5623956B19ADCD1F00A8F4BA /* wolfSpiderThumb.jpg in Resources */,
				5623956719ADCD1F00A8F4BA /* ladybugThumb.jpg in Resources */,
				5623956419ADCD1F00A8F4BA /* centipede.jpg in Resources */,
				5623956519ADCD1F00A8F4BA /* centipedeThumb.jpg in Resources */,
				5623952719AC28B800A8F4BA /* InfoPlist.strings in Resources */,
				5623956919ADCD1F00A8F4BA /* potatoBugThumb.jpg in Resources */,
				5623956619ADCD1F00A8F4BA /* ladybug.jpg in Resources */,
				5623953019AC28B800A8F4BA /* Main.storyboard in Resources */,
			);
			runOnlyForDeploymentPostprocessing = 0;
		};
		5623953B19AC28B800A8F4BA /* Resources */ = {
			isa = PBXResourcesBuildPhase;
			buildActionMask = 2147483647;
			files = (
				5623954919AC28B800A8F4BA /* InfoPlist.strings in Resources */,
			);
			runOnlyForDeploymentPostprocessing = 0;
		};
/* End PBXResourcesBuildPhase section */

/* Begin PBXSourcesBuildPhase section */
		5623951519AC28B700A8F4BA /* Sources */ = {
			isa = PBXSourcesBuildPhase;
			buildActionMask = 2147483647;
			files = (
				5623955819AC2A5700A8F4BA /* RWTScaryBugData.m in Sources */,
				5623952D19AC28B800A8F4BA /* RWTAppDelegate.m in Sources */,
				5623955B19ADC20A00A8F4BA /* RWTScaryBugDoc.m in Sources */,
				5623952919AC28B800A8F4BA /* main.m in Sources */,
				5623953319AC28B800A8F4BA /* RWTMasterViewController.m in Sources */,
				5623953619AC28B800A8F4BA /* RWTDetailViewController.m in Sources */,
			);
			runOnlyForDeploymentPostprocessing = 0;
		};
		5623953919AC28B800A8F4BA /* Sources */ = {
			isa = PBXSourcesBuildPhase;
			buildActionMask = 2147483647;
			files = (
				5623954B19AC28B800A8F4BA /* ScaryBugsTests.m in Sources */,
			);
			runOnlyForDeploymentPostprocessing = 0;
		};
/* End PBXSourcesBuildPhase section */

/* Begin PBXTargetDependency section */
		5623954319AC28B800A8F4BA /* PBXTargetDependency */ = {
			isa = PBXTargetDependency;
			target = 5623951819AC28B700A8F4BA /* ScaryBugs */;
			targetProxy = 5623954219AC28B800A8F4BA /* PBXContainerItemProxy */;
		};
/* End PBXTargetDependency section */

/* Begin PBXVariantGroup section */
		5623952519AC28B800A8F4BA /* InfoPlist.strings */ = {
			isa = PBXVariantGroup;
			children = (
				5623952619AC28B800A8F4BA /* en */,
			);
			name = InfoPlist.strings;
			sourceTree = "<group>";
		};
		5623952E19AC28B800A8F4BA /* Main.storyboard */ = {
			isa = PBXVariantGroup;
			children = (
				5623952F19AC28B800A8F4BA /* Base */,
			);
			name = Main.storyboard;
			sourceTree = "<group>";
		};
		5623954719AC28B800A8F4BA /* InfoPlist.strings */ = {
			isa = PBXVariantGroup;
			children = (
				5623954819AC28B800A8F4BA /* en */,
			);
			name = InfoPlist.strings;
			sourceTree = "<group>";
		};
/* End PBXVariantGroup section */

/* Begin XCBuildConfiguration section */
		5623954C19AC28B800A8F4BA /* Debug */ = {
			isa = XCBuildConfiguration;
			buildSettings = {
				ALWAYS_SEARCH_USER_PATHS = NO;
				CLANG_CXX_LANGUAGE_STANDARD = "gnu++0x";
				CLANG_CXX_LIBRARY = "libc++";
				CLANG_ENABLE_MODULES = YES;
				CLANG_ENABLE_OBJC_ARC = YES;
				CLANG_WARN_BOOL_CONVERSION = YES;
				CLANG_WARN_CONSTANT_CONVERSION = YES;
				CLANG_WARN_DIRECT_OBJC_ISA_USAGE = YES_ERROR;
				CLANG_WARN_EMPTY_BODY = YES;
				CLANG_WARN_ENUM_CONVERSION = YES;
				CLANG_WARN_INT_CONVERSION = YES;
				CLANG_WARN_OBJC_ROOT_CLASS = YES_ERROR;
				CLANG_WARN__DUPLICATE_METHOD_MATCH = YES;
				"CODE_SIGN_IDENTITY[sdk=iphoneos*]" = "iPhone Developer";
				COPY_PHASE_STRIP = NO;
				GCC_C_LANGUAGE_STANDARD = gnu99;
				GCC_DYNAMIC_NO_PIC = NO;
				GCC_OPTIMIZATION_LEVEL = 0;
				GCC_PREPROCESSOR_DEFINITIONS = (
					"DEBUG=1",
					"$(inherited)",
				);
				GCC_SYMBOLS_PRIVATE_EXTERN = NO;
				GCC_WARN_64_TO_32_BIT_CONVERSION = YES;
				GCC_WARN_ABOUT_RETURN_TYPE = YES_ERROR;
				GCC_WARN_UNDECLARED_SELECTOR = YES;
				GCC_WARN_UNINITIALIZED_AUTOS = YES_AGGRESSIVE;
				GCC_WARN_UNUSED_FUNCTION = YES;
				GCC_WARN_UNUSED_VARIABLE = YES;
				IPHONEOS_DEPLOYMENT_TARGET = 7.1;
				ONLY_ACTIVE_ARCH = YES;
				SDKROOT = iphoneos;
			};
			name = Debug;
		};
		5623954D19AC28B800A8F4BA /* Release */ = {
			isa = XCBuildConfiguration;
			buildSettings = {
				ALWAYS_SEARCH_USER_PATHS = NO;
				CLANG_CXX_LANGUAGE_STANDARD = "gnu++0x";
				CLANG_CXX_LIBRARY = "libc++";
				CLANG_ENABLE_MODULES = YES;
				CLANG_ENABLE_OBJC_ARC = YES;
				CLANG_WARN_BOOL_CONVERSION = YES;
				CLANG_WARN_CONSTANT_CONVERSION = YES;
				CLANG_WARN_DIRECT_OBJC_ISA_USAGE = YES_ERROR;
				CLANG_WARN_EMPTY_BODY = YES;
				CLANG_WARN_ENUM_CONVERSION = YES;
				CLANG_WARN_INT_CONVERSION = YES;
				CLANG_WARN_OBJC_ROOT_CLASS = YES_ERROR;
				CLANG_WARN__DUPLICATE_METHOD_MATCH = YES;
				"CODE_SIGN_IDENTITY[sdk=iphoneos*]" = "iPhone Developer";
				COPY_PHASE_STRIP = YES;
				ENABLE_NS_ASSERTIONS = NO;
				GCC_C_LANGUAGE_STANDARD = gnu99;
				GCC_WARN_64_TO_32_BIT_CONVERSION = YES;
				GCC_WARN_ABOUT_RETURN_TYPE = YES_ERROR;
				GCC_WARN_UNDECLARED_SELECTOR = YES;
				GCC_WARN_UNINITIALIZED_AUTOS = YES_AGGRESSIVE;
				GCC_WARN_UNUSED_FUNCTION = YES;
				GCC_WARN_UNUSED_VARIABLE = YES;
				IPHONEOS_DEPLOYMENT_TARGET = 7.1;
				SDKROOT = iphoneos;
				VALIDATE_PRODUCT = YES;
			};
			name = Release;
		};
		5623954F19AC28B800A8F4BA /* Debug */ = {
			isa = XCBuildConfiguration;
			buildSettings = {
				ASSETCATALOG_COMPILER_APPICON_NAME = AppIcon;
				ASSETCATALOG_COMPILER_LAUNCHIMAGE_NAME = LaunchImage;
				GCC_PRECOMPILE_PREFIX_HEADER = YES;
				GCC_PREFIX_HEADER = "ScaryBugs/ScaryBugs-Prefix.pch";
				INFOPLIST_FILE = "ScaryBugs/ScaryBugs-Info.plist";
				PRODUCT_NAME = "$(TARGET_NAME)";
				WRAPPER_EXTENSION = app;
			};
			name = Debug;
		};
		5623955019AC28B800A8F4BA /* Release */ = {
			isa = XCBuildConfiguration;
			buildSettings = {
				ASSETCATALOG_COMPILER_APPICON_NAME = AppIcon;
				ASSETCATALOG_COMPILER_LAUNCHIMAGE_NAME = LaunchImage;
				GCC_PRECOMPILE_PREFIX_HEADER = YES;
				GCC_PREFIX_HEADER = "ScaryBugs/ScaryBugs-Prefix.pch";
				INFOPLIST_FILE = "ScaryBugs/ScaryBugs-Info.plist";
				PRODUCT_NAME = "$(TARGET_NAME)";
				WRAPPER_EXTENSION = app;
			};
			name = Release;
		};
		5623955219AC28B800A8F4BA /* Debug */ = {
			isa = XCBuildConfiguration;
			buildSettings = {
				BUNDLE_LOADER = "$(BUILT_PRODUCTS_DIR)/ScaryBugs.app/ScaryBugs";
				FRAMEWORK_SEARCH_PATHS = (
					"$(SDKROOT)/Developer/Library/Frameworks",
					"$(inherited)",
					"$(DEVELOPER_FRAMEWORKS_DIR)",
				);
				GCC_PRECOMPILE_PREFIX_HEADER = YES;
				GCC_PREFIX_HEADER = "ScaryBugs/ScaryBugs-Prefix.pch";
				GCC_PREPROCESSOR_DEFINITIONS = (
					"DEBUG=1",
					"$(inherited)",
				);
				INFOPLIST_FILE = "ScaryBugsTests/ScaryBugsTests-Info.plist";
				PRODUCT_NAME = "$(TARGET_NAME)";
				TEST_HOST = "$(BUNDLE_LOADER)";
				WRAPPER_EXTENSION = xctest;
			};
			name = Debug;
		};
		5623955319AC28B800A8F4BA /* Release */ = {
			isa = XCBuildConfiguration;
			buildSettings = {
				BUNDLE_LOADER = "$(BUILT_PRODUCTS_DIR)/ScaryBugs.app/ScaryBugs";
				FRAMEWORK_SEARCH_PATHS = (
					"$(SDKROOT)/Developer/Library/Frameworks",
					"$(inherited)",
					"$(DEVELOPER_FRAMEWORKS_DIR)",
				);
				GCC_PRECOMPILE_PREFIX_HEADER = YES;
				GCC_PREFIX_HEADER = "ScaryBugs/ScaryBugs-Prefix.pch";
				INFOPLIST_FILE = "ScaryBugsTests/ScaryBugsTests-Info.plist";
				PRODUCT_NAME = "$(TARGET_NAME)";
				TEST_HOST = "$(BUNDLE_LOADER)";
				WRAPPER_EXTENSION = xctest;
			};
			name = Release;
		};
/* End XCBuildConfiguration section */

/* Begin XCConfigurationList section */
		5623951419AC28B700A8F4BA /* Build configuration list for PBXProject "ScaryBugs" */ = {
			isa = XCConfigurationList;
			buildConfigurations = (
				5623954C19AC28B800A8F4BA /* Debug */,
				5623954D19AC28B800A8F4BA /* Release */,
			);
			defaultConfigurationIsVisible = 0;
			defaultConfigurationName = Release;
		};
		5623954E19AC28B800A8F4BA /* Build configuration list for PBXNativeTarget "ScaryBugs" */ = {
			isa = XCConfigurationList;
			buildConfigurations = (
				5623954F19AC28B800A8F4BA /* Debug */,
				5623955019AC28B800A8F4BA /* Release */,
			);
			defaultConfigurationIsVisible = 0;
		};
		5623955119AC28B800A8F4BA /* Build configuration list for PBXNativeTarget "ScaryBugsTests" */ = {
			isa = XCConfigurationList;
			buildConfigurations = (
				5623955219AC28B800A8F4BA /* Debug */,
				5623955319AC28B800A8F4BA /* Release */,
			);
			defaultConfigurationIsVisible = 0;
		};
/* End XCConfigurationList section */
	};
	rootObject = 5623951119AC28B700A8F4BA /* Project object */;
}
